
Microsoft Visual Studio Solution File, Format Version 12.00
# Visual Studio Version 16
VisualStudioVersion = 16.0.30114.105
MinimumVisualStudioVersion = 10.0.40219.1
Project("{FAE04EC0-301F-11D3-BF4B-00C04F79EFBC}") = "Japanesecastle1", "Japanesecastle1\Japanesecastle1.csproj", "{27860F6E-B6AF-4D63-BE22-812D4FFD945B}"
EndProject
Global
	GlobalSection(SolutionConfigurationPlatforms) = preSolution
		Debug|Any CPU = Debug|Any CPU
		Release|Any CPU = Release|Any CPU
	EndGlobalSection
	GlobalSection(ProjectConfigurationPlatforms) = postSolution
		{27860F6E-B6AF-4D63-BE22-812D4FFD945B}.Debug|Any CPU.ActiveCfg = Debug|Any CPU
		{27860F6E-B6AF-4D63-BE22-812D4FFD945B}.Debug|Any CPU.Build.0 = Debug|Any CPU
		{27860F6E-B6AF-4D63-BE22-812D4FFD945B}.Release|Any CPU.ActiveCfg = Release|Any CPU
		{27860F6E-B6AF-4D63-BE22-812D4FFD945B}.Release|Any CPU.Build.0 = Release|Any CPU
	EndGlobalSection
	GlobalSection(SolutionProperties) = preSolution
		HideSolutionNode = FALSE
	EndGlobalSection
	GlobalSection(ExtensibilityGlobals) = postSolution
		SolutionGuid = {66EF2545-0860-4780-918F-CF10629F6609}
	EndGlobalSection
EndGlobal
